// !$*UTF8*$!
{
	archiveVersion = 1;
	classes = {
	};
	objectVersion = 50;
	objects = {

/* Begin PBXBuildFile section */
		304BF83D25740C3300F4C5B4 /* AppDelegate.swift in Sources */ = {isa = PBXBuildFile; fileRef = 304BF83C25740C3300F4C5B4 /* AppDelegate.swift */; };
		304BF83F25740C3300F4C5B4 /* SceneDelegate.swift in Sources */ = {isa = PBXBuildFile; fileRef = 304BF83E25740C3300F4C5B4 /* SceneDelegate.swift */; };
		304BF84425740C3300F4C5B4 /* Main.storyboard in Resources */ = {isa = PBXBuildFile; fileRef = 304BF84225740C3300F4C5B4 /* Main.storyboard */; };
		304BF84625740C3400F4C5B4 /* Assets.xcassets in Resources */ = {isa = PBXBuildFile; fileRef = 304BF84525740C3400F4C5B4 /* Assets.xcassets */; };
		304BF84925740C3400F4C5B4 /* LaunchScreen.storyboard in Resources */ = {isa = PBXBuildFile; fileRef = 304BF84725740C3400F4C5B4 /* LaunchScreen.storyboard */; };
		304BF85325740DF200F4C5B4 /* TweetViewController.swift in Sources */ = {isa = PBXBuildFile; fileRef = 304BF85225740DF200F4C5B4 /* TweetViewController.swift */; };
		304BF85625740E1E00F4C5B4 /* ComposeViewController.swift in Sources */ = {isa = PBXBuildFile; fileRef = 304BF85525740E1E00F4C5B4 /* ComposeViewController.swift */; };
		304BF85C25740F7300F4C5B4 /* AccountsViewController.swift in Sources */ = {isa = PBXBuildFile; fileRef = 304BF85B25740F7300F4C5B4 /* AccountsViewController.swift */; };
		304BF85F25740F7F00F4C5B4 /* FeedViewController.swift in Sources */ = {isa = PBXBuildFile; fileRef = 304BF85E25740F7F00F4C5B4 /* FeedViewController.swift */; };
/* End PBXBuildFile section */

/* Begin PBXFileReference section */
		304BF83925740C3300F4C5B4 /* SocialApp.app */ = {isa = PBXFileReference; explicitFileType = wrapper.application; includeInIndex = 0; path = SocialApp.app; sourceTree = BUILT_PRODUCTS_DIR; };
		304BF83C25740C3300F4C5B4 /* AppDelegate.swift */ = {isa = PBXFileReference; lastKnownFileType = sourcecode.swift; path = AppDelegate.swift; sourceTree = "<group>"; };
		304BF83E25740C3300F4C5B4 /* SceneDelegate.swift */ = {isa = PBXFileReference; lastKnownFileType = sourcecode.swift; path = SceneDelegate.swift; sourceTree = "<group>"; };
		304BF84325740C3300F4C5B4 /* Base */ = {isa = PBXFileReference; lastKnownFileType = file.storyboard; name = Base; path = Base.lproj/Main.storyboard; sourceTree = "<group>"; };
		304BF84525740C3400F4C5B4 /* Assets.xcassets */ = {isa = PBXFileReference; lastKnownFileType = folder.assetcatalog; path = Assets.xcassets; sourceTree = "<group>"; };
		304BF84825740C3400F4C5B4 /* Base */ = {isa = PBXFileReference; lastKnownFileType = file.storyboard; name = Base; path = Base.lproj/LaunchScreen.storyboard; sourceTree = "<group>"; };
		304BF84A25740C3400F4C5B4 /* Info.plist */ = {isa = PBXFileReference; lastKnownFileType = text.plist.xml; path = Info.plist; sourceTree = "<group>"; };
		304BF85225740DF200F4C5B4 /* TweetViewController.swift */ = {isa = PBXFileReference; lastKnownFileType = sourcecode.swift; path = TweetViewController.swift; sourceTree = "<group>"; };
		304BF85525740E1E00F4C5B4 /* ComposeViewController.swift */ = {isa = PBXFileReference; lastKnownFileType = sourcecode.swift; path = ComposeViewController.swift; sourceTree = "<group>"; };
		304BF85B25740F7300F4C5B4 /* AccountsViewController.swift */ = {isa = PBXFileReference; lastKnownFileType = sourcecode.swift; name = AccountsViewController.swift; path = SocialApp/Controllers/AccountsViewController.swift; sourceTree = SOURCE_ROOT; };
		304BF85E25740F7F00F4C5B4 /* FeedViewController.swift */ = {isa = PBXFileReference; lastKnownFileType = sourcecode.swift; path = FeedViewController.swift; sourceTree = "<group>"; };
/* End PBXFileReference section */

/* Begin PBXFrameworksBuildPhase section */
		304BF83625740C3300F4C5B4 /* Frameworks */ = {
			isa = PBXFrameworksBuildPhase;
			buildActionMask = 2147483647;
			files = (
			);
			runOnlyForDeploymentPostprocessing = 0;
		};
/* End PBXFrameworksBuildPhase section */

/* Begin PBXGroup section */
		304BF83025740C3300F4C5B4 = {
			isa = PBXGroup;
			children = (
				304BF83B25740C3300F4C5B4 /* SocialApp */,
				304BF83A25740C3300F4C5B4 /* Products */,
			);
			sourceTree = "<group>";
		};
		304BF83A25740C3300F4C5B4 /* Products */ = {
			isa = PBXGroup;
			children = (
				304BF83925740C3300F4C5B4 /* SocialApp.app */,
			);
			name = Products;
			sourceTree = "<group>";
		};
		304BF83B25740C3300F4C5B4 /* SocialApp */ = {
			isa = PBXGroup;
			children = (
				304BF83C25740C3300F4C5B4 /* AppDelegate.swift */,
				304BF83E25740C3300F4C5B4 /* SceneDelegate.swift */,
				304BF84225740C3300F4C5B4 /* Main.storyboard */,
				304BF84525740C3400F4C5B4 /* Assets.xcassets */,
				304BF84725740C3400F4C5B4 /* LaunchScreen.storyboard */,
				304BF84A25740C3400F4C5B4 /* Info.plist */,
				304BF85825740E5800F4C5B4 /* Controllers */,
			);
			path = SocialApp;
			sourceTree = "<group>";
		};
		304BF85825740E5800F4C5B4 /* Controllers */ = {
			isa = PBXGroup;
			children = (
				304BF85225740DF200F4C5B4 /* TweetViewController.swift */,
				304BF85525740E1E00F4C5B4 /* ComposeViewController.swift */,
				304BF85B25740F7300F4C5B4 /* AccountsViewController.swift */,
				304BF85E25740F7F00F4C5B4 /* FeedViewController.swift */,
			);
			path = Controllers;
			sourceTree = "<group>";
		};
/* End PBXGroup section */

/* Begin PBXNativeTarget section */
		304BF83825740C3300F4C5B4 /* SocialApp */ = {
			isa = PBXNativeTarget;
			buildConfigurationList = 304BF84D25740C3400F4C5B4 /* Build configuration list for PBXNativeTarget "SocialApp" */;
			buildPhases = (
				304BF83525740C3300F4C5B4 /* Sources */,
				304BF83625740C3300F4C5B4 /* Frameworks */,
				304BF83725740C3300F4C5B4 /* Resources */,
			);
			buildRules = (
			);
			dependencies = (
			);
			name = SocialApp;
			productName = SocialApp;
			productReference = 304BF83925740C3300F4C5B4 /* SocialApp.app */;
			productType = "com.apple.product-type.application";
		};
/* End PBXNativeTarget section */

/* Begin PBXProject section */
		304BF83125740C3300F4C5B4 /* Project object */ = {
			isa = PBXProject;
			attributes = {
				LastSwiftUpdateCheck = 1220;
				LastUpgradeCheck = 1220;
				TargetAttributes = {
					304BF83825740C3300F4C5B4 = {
						CreatedOnToolsVersion = 12.2;
					};
				};
			};
			buildConfigurationList = 304BF83425740C3300F4C5B4 /* Build configuration list for PBXProject "SocialApp" */;
			compatibilityVersion = "Xcode 9.3";
			developmentRegion = en;
			hasScannedForEncodings = 0;
			knownRegions = (
				en,
				Base,
			);
			mainGroup = 304BF83025740C3300F4C5B4;
			productRefGroup = 304BF83A25740C3300F4C5B4 /* Products */;
			projectDirPath = "";
			projectRoot = "";
			targets = (
				304BF83825740C3300F4C5B4 /* SocialApp */,
			);
		};
/* End PBXProject section */

/* Begin PBXResourcesBuildPhase section */
		304BF83725740C3300F4C5B4 /* Resources */ = {
			isa = PBXResourcesBuildPhase;
			buildActionMask = 2147483647;
			files = (
				304BF84925740C3400F4C5B4 /* LaunchScreen.storyboard in Resources */,
				304BF84625740C3400F4C5B4 /* Assets.xcassets in Resources */,
				304BF84425740C3300F4C5B4 /* Main.storyboard in Resources */,
			);
			runOnlyForDeploymentPostprocessing = 0;
		};
/* End PBXResourcesBuildPhase section */

/* Begin PBXSourcesBuildPhase section */
		304BF83525740C3300F4C5B4 /* Sources */ = {
			isa = PBXSourcesBuildPhase;
			buildActionMask = 2147483647;
			files = (
				304BF85625740E1E00F4C5B4 /* ComposeViewController.swift in Sources */,
				304BF85325740DF200F4C5B4 /* TweetViewController.swift in Sources */,
				304BF85C25740F7300F4C5B4 /* AccountsViewController.swift in Sources */,
				304BF83D25740C3300F4C5B4 /* AppDelegate.swift in Sources */,
				304BF85F25740F7F00F4C5B4 /* FeedViewController.swift in Sources */,
				304BF83F25740C3300F4C5B4 /* SceneDelegate.swift in Sources */,
			);
			runOnlyForDeploymentPostprocessing = 0;
		};
/* End PBXSourcesBuildPhase section */

/* Begin PBXVariantGroup section */
		304BF84225740C3300F4C5B4 /* Main.storyboard */ = {
			isa = PBXVariantGroup;
			children = (
				304BF84325740C3300F4C5B4 /* Base */,
			);
			name = Main.storyboard;
			sourceTree = "<group>";
		};
		304BF84725740C3400F4C5B4 /* LaunchScreen.storyboard */ = {
			isa = PBXVariantGroup;
			children = (
				304BF84825740C3400F4C5B4 /* Base */,
			);
			name = LaunchScreen.storyboard;
			sourceTree = "<group>";
		};
/* End PBXVariantGroup section */

/* Begin XCBuildConfiguration section */
		304BF84B25740C3400F4C5B4 /* Debug */ = {
			isa = XCBuildConfiguration;
			buildSettings = {
				ALWAYS_SEARCH_USER_PATHS = NO;
				CLANG_ANALYZER_NONNULL = YES;
				CLANG_ANALYZER_NUMBER_OBJECT_CONVERSION = YES_AGGRESSIVE;
				CLANG_CXX_LANGUAGE_STANDARD = "gnu++14";
				CLANG_CXX_LIBRARY = "libc++";
				CLANG_ENABLE_MODULES = YES;
				CLANG_ENABLE_OBJC_ARC = YES;
				CLANG_ENABLE_OBJC_WEAK = YES;
				CLANG_WARN_BLOCK_CAPTURE_AUTORELEASING = YES;
				CLANG_WARN_BOOL_CONVERSION = YES;
				CLANG_WARN_COMMA = YES;
				CLANG_WARN_CONSTANT_CONVERSION = YES;
				CLANG_WARN_DEPRECATED_OBJC_IMPLEMENTATIONS = YES;
				CLANG_WARN_DIRECT_OBJC_ISA_USAGE = YES_ERROR;
				CLANG_WARN_DOCUMENTATION_COMMENTS = YES;
				CLANG_WARN_EMPTY_BODY = YES;
				CLANG_WARN_ENUM_CONVERSION = YES;
				CLANG_WARN_INFINITE_RECURSION = YES;
				CLANG_WARN_INT_CONVERSION = YES;
				CLANG_WARN_NON_LITERAL_NULL_CONVERSION = YES;
				CLANG_WARN_OBJC_IMPLICIT_RETAIN_SELF = YES;
				CLANG_WARN_OBJC_LITERAL_CONVERSION = YES;
				CLANG_WARN_OBJC_ROOT_CLASS = YES_ERROR;
				CLANG_WARN_QUOTED_INCLUDE_IN_FRAMEWORK_HEADER = YES;
				CLANG_WARN_RANGE_LOOP_ANALYSIS = YES;
				CLANG_WARN_STRICT_PROTOTYPES = YES;
				CLANG_WARN_SUSPICIOUS_MOVE = YES;
				CLANG_WARN_UNGUARDED_AVAILABILITY = YES_AGGRESSIVE;
				CLANG_WARN_UNREACHABLE_CODE = YES;
				CLANG_WARN__DUPLICATE_METHOD_MATCH = YES;
				COPY_PHASE_STRIP = NO;
				DEBUG_INFORMATION_FORMAT = dwarf;
				ENABLE_STRICT_OBJC_MSGSEND = YES;
				ENABLE_TESTABILITY = YES;
				GCC_C_LANGUAGE_STANDARD = gnu11;
				GCC_DYNAMIC_NO_PIC = NO;
				GCC_NO_COMMON_BLOCKS = YES;
				GCC_OPTIMIZATION_LEVEL = 0;
				GCC_PREPROCESSOR_DEFINITIONS = (
					"DEBUG=1",
					"$(inherited)",
				);
				GCC_WARN_64_TO_32_BIT_CONVERSION = YES;
				GCC_WARN_ABOUT_RETURN_TYPE = YES_ERROR;
				GCC_WARN_UNDECLARED_SELECTOR = YES;
				GCC_WARN_UNINITIALIZED_AUTOS = YES_AGGRESSIVE;
				GCC_WARN_UNUSED_FUNCTION = YES;
				GCC_WARN_UNUSED_VARIABLE = YES;
				IPHONEOS_DEPLOYMENT_TARGET = 14.2;
				MTL_ENABLE_DEBUG_INFO = INCLUDE_SOURCE;
				MTL_FAST_MATH = YES;
				ONLY_ACTIVE_ARCH = YES;
				SDKROOT = iphoneos;
				SWIFT_ACTIVE_COMPILATION_CONDITIONS = DEBUG;
				SWIFT_OPTIMIZATION_LEVEL = "-Onone";
			};
			name = Debug;
		};
		304BF84C25740C3400F4C5B4 /* Release */ = {
			isa = XCBuildConfiguration;
			buildSettings = {
				ALWAYS_SEARCH_USER_PATHS = NO;
				CLANG_ANALYZER_NONNULL = YES;
				CLANG_ANALYZER_NUMBER_OBJECT_CONVERSION = YES_AGGRESSIVE;
				CLANG_CXX_LANGUAGE_STANDARD = "gnu++14";
				CLANG_CXX_LIBRARY = "libc++";
				CLANG_ENABLE_MODULES = YES;
				CLANG_ENABLE_OBJC_ARC = YES;
				CLANG_ENABLE_OBJC_WEAK = YES;
				CLANG_WARN_BLOCK_CAPTURE_AUTORELEASING = YES;
				CLANG_WARN_BOOL_CONVERSION = YES;
				CLANG_WARN_COMMA = YES;
				CLANG_WARN_CONSTANT_CONVERSION = YES;
				CLANG_WARN_DEPRECATED_OBJC_IMPLEMENTATIONS = YES;
				CLANG_WARN_DIRECT_OBJC_ISA_USAGE = YES_ERROR;
				CLANG_WARN_DOCUMENTATION_COMMENTS = YES;
				CLANG_WARN_EMPTY_BODY = YES;
				CLANG_WARN_ENUM_CONVERSION = YES;
				CLANG_WARN_INFINITE_RECURSION = YES;
				CLANG_WARN_INT_CONVERSION = YES;
				CLANG_WARN_NON_LITERAL_NULL_CONVERSION = YES;
				CLANG_WARN_OBJC_IMPLICIT_RETAIN_SELF = YES;
				CLANG_WARN_OBJC_LITERAL_CONVERSION = YES;
				CLANG_WARN_OBJC_ROOT_CLASS = YES_ERROR;
				CLANG_WARN_QUOTED_INCLUDE_IN_FRAMEWORK_HEADER = YES;
				CLANG_WARN_RANGE_LOOP_ANALYSIS = YES;
				CLANG_WARN_STRICT_PROTOTYPES = YES;
				CLANG_WARN_SUSPICIOUS_MOVE = YES;
				CLANG_WARN_UNGUARDED_AVAILABILITY = YES_AGGRESSIVE;
				CLANG_WARN_UNREACHABLE_CODE = YES;
				CLANG_WARN__DUPLICATE_METHOD_MATCH = YES;
				COPY_PHASE_STRIP = NO;
				DEBUG_INFORMATION_FORMAT = "dwarf-with-dsym";
				ENABLE_NS_ASSERTIONS = NO;
				ENABLE_STRICT_OBJC_MSGSEND = YES;
				GCC_C_LANGUAGE_STANDARD = gnu11;
				GCC_NO_COMMON_BLOCKS = YES;
				GCC_WARN_64_TO_32_BIT_CONVERSION = YES;
				GCC_WARN_ABOUT_RETURN_TYPE = YES_ERROR;
				GCC_WARN_UNDECLARED_SELECTOR = YES;
				GCC_WARN_UNINITIALIZED_AUTOS = YES_AGGRESSIVE;
				GCC_WARN_UNUSED_FUNCTION = YES;
				GCC_WARN_UNUSED_VARIABLE = YES;
				IPHONEOS_DEPLOYMENT_TARGET = 14.2;
				MTL_ENABLE_DEBUG_INFO = NO;
				MTL_FAST_MATH = YES;
				SDKROOT = iphoneos;
				SWIFT_COMPILATION_MODE = wholemodule;
				SWIFT_OPTIMIZATION_LEVEL = "-O";
				VALIDATE_PRODUCT = YES;
			};
			name = Release;
		};
		304BF84E25740C3400F4C5B4 /* Debug */ = {
			isa = XCBuildConfiguration;
			buildSettings = {
				ASSETCATALOG_COMPILER_APPICON_NAME = AppIcon;
				ASSETCATALOG_COMPILER_GLOBAL_ACCENT_COLOR_NAME = AccentColor;
				CODE_SIGN_STYLE = Automatic;
				DEVELOPMENT_TEAM = GL28D5C2MP;
				INFOPLIST_FILE = SocialApp/Info.plist;
				LD_RUNPATH_SEARCH_PATHS = (
					"$(inherited)",
					"@executable_path/Frameworks",
				);
				PRODUCT_BUNDLE_IDENTIFIER = Bsw20.SocialApp;
				PRODUCT_NAME = "$(TARGET_NAME)";
				SWIFT_VERSION = 5.0;
				TARGETED_DEVICE_FAMILY = 2;
			};
			name = Debug;
		};
		304BF84F25740C3400F4C5B4 /* Release */ = {
			isa = XCBuildConfiguration;
			buildSettings = {
				ASSETCATALOG_COMPILER_APPICON_NAME = AppIcon;
				ASSETCATALOG_COMPILER_GLOBAL_ACCENT_COLOR_NAME = AccentColor;
				CODE_SIGN_STYLE = Automatic;
				DEVELOPMENT_TEAM = GL28D5C2MP;
				INFOPLIST_FILE = SocialApp/Info.plist;
				LD_RUNPATH_SEARCH_PATHS = (
					"$(inherited)",
					"@executable_path/Frameworks",
				);
				PRODUCT_BUNDLE_IDENTIFIER = Bsw20.SocialApp;
				PRODUCT_NAME = "$(TARGET_NAME)";
				SWIFT_VERSION = 5.0;
				TARGETED_DEVICE_FAMILY = 2;
			};
			name = Release;
		};
/* End XCBuildConfiguration section */

/* Begin XCConfigurationList section */
		304BF83425740C3300F4C5B4 /* Build configuration list for PBXProject "SocialApp" */ = {
			isa = XCConfigurationList;
			buildConfigurations = (
				304BF84B25740C3400F4C5B4 /* Debug */,
				304BF84C25740C3400F4C5B4 /* Release */,
			);
			defaultConfigurationIsVisible = 0;
			defaultConfigurationName = Release;
		};
		304BF84D25740C3400F4C5B4 /* Build configuration list for PBXNativeTarget "SocialApp" */ = {
			isa = XCConfigurationList;
			buildConfigurations = (
				304BF84E25740C3400F4C5B4 /* Debug */,
				304BF84F25740C3400F4C5B4 /* Release */,
			);
			defaultConfigurationIsVisible = 0;
			defaultConfigurationName = Release;
		};
/* End XCConfigurationList section */
	};
	rootObject = 304BF83125740C3300F4C5B4 /* Project object */;
}
